<?xml version="1.0" encoding="utf-8"?>
<Project ToolsVersion="4.0" xmlns="http://schemas.microsoft.com/developer/msbuild/2003">
  <ItemGroup>
    <ClCompile Include="main.cpp" />
    <ClCompile Include="Base\Base.cpp">
      <Filter>Base</Filter>
    </ClCompile>
    <ClCompile Include="Game\player.cpp">
      <Filter>Game</Filter>
    </ClCompile>
    <ClCompile Include="Game\Enemy.cpp">
      <Filter>Game</Filter>
    </ClCompile>
    <ClCompile Include="Game\Bullet.cpp">
      <Filter>Game</Filter>
    </ClCompile>
    <ClCompile Include="Game\Map.cpp">
      <Filter>Game</Filter>
    </ClCompile>
    <ClCompile Include="Title\Title.cpp">
      <Filter>Title</Filter>
    </ClCompile>
    <ClCompile Include="Game\Game.cpp">
      <Filter>Game</Filter>
    </ClCompile>
    <ClCompile Include="Game\UI.cpp">
      <Filter>Game</Filter>
    </ClCompile>
    <ClCompile Include="Game\GameData.cpp">
      <Filter>Game</Filter>
    </ClCompile>
    <ClCompile Include="Game\Goal.cpp">
      <Filter>Game</Filter>
    </ClCompile>
    <ClCompile Include="Title\GameClear.cpp">
      <Filter>Title</Filter>
    </ClCompile>
    <ClCompile Include="Title\GameOver.cpp">
      <Filter>Title</Filter>
    </ClCompile>
  </ItemGroup>
  <ItemGroup>
    <Filter Include="Base">
      <UniqueIdentifier>{92d21a0f-3d8d-4a8b-8c39-31fd384788c0}</UniqueIdentifier>
    </Filter>
    <Filter Include="Game">
      <UniqueIdentifier>{3f01e8b2-9cb0-43f7-a56b-0dde0f51209f}</UniqueIdentifier>
    </Filter>
    <Filter Include="Title">
      <UniqueIdentifier>{a0cc8152-f269-4bbe-a758-cb6288ee109b}</UniqueIdentifier>
    </Filter>
  </ItemGroup>
  <ItemGroup>
    <ClInclude Include="Base\Base.h">
      <Filter>Base</Filter>
    </ClInclude>
    <ClInclude Include="Game\player.h">
      <Filter>Game</Filter>
    </ClInclude>
    <ClInclude Include="Game\Enemy.h">
      <Filter>Game</Filter>
    </ClInclude>
    <ClInclude Include="Game\Bullet.h">
      <Filter>Game</Filter>
    </ClInclude>
    <ClInclude Include="Game\Map.h">
      <Filter>Game</Filter>
    </ClInclude>
    <ClInclude Include="Title\Title.h">
      <Filter>Title</Filter>
    </ClInclude>
    <ClInclude Include="Game\Game.h">
      <Filter>Game</Filter>
    </ClInclude>
    <ClInclude Include="Game\UI.h">
      <Filter>Game</Filter>
    </ClInclude>
    <ClInclude Include="Game\GameData.h">
      <Filter>Game</Filter>
    </ClInclude>
    <ClInclude Include="Game\Goal.h">
      <Filter>Game</Filter>
    </ClInclude>
    <ClInclude Include="Title\GameClear.h">
      <Filter>Title</Filter>
    </ClInclude>
    <ClInclude Include="Title\GameOver.h">
      <Filter>Title</Filter>
    </ClInclude>
  </ItemGroup>
</Project>